
Microsoft Visual Studio Solution File, Format Version 12.00
# Visual Studio Version 17
VisualStudioVersion = 17.4.33213.308
MinimumVisualStudioVersion = 10.0.40219.1
Project("{FAE04EC0-301F-11D3-BF4B-00C04F79EFBC}") = "ThePlayer", "ThePlayer.csproj", "{B92D9990-E520-4F71-86D4-14B120252849}"
EndProject
Global
	GlobalSection(SolutionConfigurationPlatforms) = preSolution
		Debug|Any CPU = Debug|Any CPU
		Release|Any CPU = Release|Any CPU
	EndGlobalSection
	GlobalSection(ProjectConfigurationPlatforms) = postSolution
		{B92D9990-E520-4F71-86D4-14B120252849}.Debug|Any CPU.ActiveCfg = Debug|Any CPU
		{B92D9990-E520-4F71-86D4-14B120252849}.Debug|Any CPU.Build.0 = Debug|Any CPU
		{B92D9990-E520-4F71-86D4-14B120252849}.Release|Any CPU.ActiveCfg = Release|Any CPU
		{B92D9990-E520-4F71-86D4-14B120252849}.Release|Any CPU.Build.0 = Release|Any CPU
	EndGlobalSection
	GlobalSection(SolutionProperties) = preSolution
		HideSolutionNode = FALSE
	EndGlobalSection
	GlobalSection(ExtensibilityGlobals) = postSolution
		SolutionGuid = {206B57E1-D629-43F3-96DF-027200E54EE5}
	EndGlobalSection
EndGlobal
